<?xml version="1.0"?>
<CONFIG>
  <ProjectOptions>
    <Version Value="9"/>
    <General>
      <Flags>
        <MainUnitHasUsesSectionForAllUnits Value="False"/>
        <MainUnitHasCreateFormStatements Value="False"/>
        <MainUnitHasTitleStatement Value="False"/>
      </Flags>
      <MainUnit Value="0"/>
      <Title Value="eztool"/>
      <UseXPManifest Value="True"/>
      <ActiveWindowIndexAtStart Value="0"/>
    </General>
    <VersionInfo>
      <Language Value=""/>
      <CharSet Value=""/>
      <StringTable ProductVersion=""/>
    </VersionInfo>
    <BuildModes Count="1">
      <Item1 Name="default" Default="True"/>
    </BuildModes>
    <PublishOptions>
      <Version Value="2"/>
      <IgnoreBinaries Value="False"/>
      <IncludeFileFilter Value="*.(pas|pp|inc|lfm|lpr|lrs|lpi|lpk|sh|xml)"/>
      <ExcludeFileFilter Value="*.(bak|ppu|ppw|o|so);*~;backup"/>
    </PublishOptions>
    <RunParams>
      <local>
        <FormatVersion Value="1"/>
        <LaunchingApplication PathPlusParams="/usr/X11R6/bin/xterm -T 'Lazarus Run Output' -e $(LazarusDir)/tools/runwait.sh $(TargetCmdLine)"/>
      </local>
    </RunParams>
    <Units Count="58">
      <Unit0>
        <Filename Value="eztool.pas"/>
        <IsPartOfProject Value="True"/>
        <UnitName Value="EZTool"/>
        <IsVisibleTab Value="True"/>
        <EditorIndex Value="0"/>
        <WindowIndex Value="0"/>
        <TopLine Value="1887"/>
        <CursorPos X="20" Y="1927"/>
        <UsageCount Value="200"/>
        <Bookmarks Count="3">
          <Item0 X="1" Y="1" ID="3"/>
          <Item1 X="1" Y="308" ID="2"/>
          <Item2 X="24" Y="1949" ID="1"/>
        </Bookmarks>
        <Loaded Value="True"/>
      </Unit0>
      <Unit1>
        <Filename Value="usb.pas"/>
        <UnitName Value="USB"/>
        <WindowIndex Value="0"/>
        <TopLine Value="213"/>
        <CursorPos X="16" Y="235"/>
        <UsageCount Value="100"/>
      </Unit1>
      <Unit2>
        <Filename Value="device.pas"/>
        <IsPartOfProject Value="True"/>
        <UnitName Value="Device"/>
        <EditorIndex Value="3"/>
        <WindowIndex Value="0"/>
        <TopLine Value="15"/>
        <CursorPos X="31" Y="304"/>
        <UsageCount Value="200"/>
        <Loaded Value="True"/>
      </Unit2>
      <Unit3>
        <Filename Value="ezusb.pas"/>
        <UnitName Value="EZUSB"/>
        <WindowIndex Value="0"/>
        <TopLine Value="1"/>
        <CursorPos X="114" Y="90"/>
        <UsageCount Value="100"/>
      </Unit3>
      <Unit4>
        <Filename Value="utils.pas"/>
        <UnitName Value="Utils"/>
        <EditorIndex Value="2"/>
        <WindowIndex Value="0"/>
        <TopLine Value="86"/>
        <CursorPos X="1" Y="97"/>
        <UsageCount Value="100"/>
        <Loaded Value="True"/>
      </Unit4>
      <Unit5>
        <Filename Value="../tcl/tcl.pas"/>
        <UnitName Value="TCL"/>
        <WindowIndex Value="0"/>
        <TopLine Value="448"/>
        <CursorPos X="3" Y="474"/>
        <UsageCount Value="92"/>
      </Unit5>
      <Unit6>
        <Filename Value="../tcl/tcloop.pas"/>
        <UnitName Value="TclOOP"/>
        <WindowIndex Value="0"/>
        <TopLine Value="495"/>
        <CursorPos X="13" Y="521"/>
        <UsageCount Value="93"/>
      </Unit6>
      <Unit7>
        <Filename Value="../tcl/examples/demo4.pas"/>
        <UnitName Value="TclDemo4"/>
        <WindowIndex Value="0"/>
        <TopLine Value="1"/>
        <CursorPos X="1" Y="1"/>
        <UsageCount Value="83"/>
      </Unit7>
      <Unit8>
        <Filename Value="../readline/examples/ootest.pas"/>
        <UnitName Value="OOTest"/>
        <WindowIndex Value="0"/>
        <TopLine Value="1"/>
        <CursorPos X="49" Y="39"/>
        <UsageCount Value="92"/>
      </Unit8>
      <Unit9>
        <Filename Value="../tcl/tclDecls.inc.pas"/>
        <WindowIndex Value="0"/>
        <TopLine Value="551"/>
        <CursorPos X="1" Y="587"/>
        <UsageCount Value="21"/>
      </Unit9>
      <Unit10>
        <Filename Value="../readline/readlineoop.pas"/>
        <UnitName Value="ReadlineOOP"/>
        <WindowIndex Value="0"/>
        <TopLine Value="29"/>
        <CursorPos X="3" Y="216"/>
        <UsageCount Value="91"/>
      </Unit10>
      <Unit11>
        <Filename Value="/usr/share/fpcsrc/2.4.2/rtl/inc/objpash.inc"/>
        <TopLine Value="167"/>
        <CursorPos X="21" Y="194"/>
        <UsageCount Value="2"/>
      </Unit11>
      <Unit12>
        <Filename Value="/usr/share/fpcsrc/2.4.2/rtl/unix/bunxh.inc"/>
        <TopLine Value="1"/>
        <CursorPos X="58" Y="24"/>
        <UsageCount Value="3"/>
      </Unit12>
      <Unit13>
        <Filename Value="/usr/share/fpcsrc/2.4.2/rtl/linux/signal.inc"/>
        <WindowIndex Value="0"/>
        <TopLine Value="151"/>
        <CursorPos X="3" Y="198"/>
        <UsageCount Value="4"/>
      </Unit13>
      <Unit14>
        <Filename Value="/usr/share/fpcsrc/2.4.2/rtl/unix/bunxovlh.inc"/>
        <TopLine Value="47"/>
        <CursorPos X="10" Y="78"/>
        <UsageCount Value="3"/>
      </Unit14>
      <Unit15>
        <Filename Value="/usr/share/fpcsrc/2.4.2/rtl/unix/gensigset.inc"/>
        <TopLine Value="17"/>
        <CursorPos X="3" Y="46"/>
        <UsageCount Value="3"/>
      </Unit15>
      <Unit16>
        <Filename Value="/usr/share/fpcsrc/2.4.2/rtl/objpas/sysutils/sysutilh.inc"/>
        <TopLine Value="44"/>
        <CursorPos X="19" Y="71"/>
        <UsageCount Value="3"/>
      </Unit16>
      <Unit17>
        <Filename Value="/usr/share/fpcsrc/2.4.2/rtl/objpas/sysutils/sysutils.inc"/>
        <TopLine Value="134"/>
        <CursorPos X="10" Y="137"/>
        <UsageCount Value="3"/>
      </Unit17>
      <Unit18>
        <Filename Value="../tcl/tclPlatDecls.inc.pas"/>
        <WindowIndex Value="0"/>
        <TopLine Value="24"/>
        <CursorPos X="1" Y="76"/>
        <UsageCount Value="13"/>
      </Unit18>
      <Unit19>
        <Filename Value="cmdline.pas"/>
        <IsPartOfProject Value="True"/>
        <UnitName Value="CmdLine"/>
        <WindowIndex Value="0"/>
        <TopLine Value="1"/>
        <CursorPos X="18" Y="17"/>
        <UsageCount Value="89"/>
      </Unit19>
      <Unit20>
        <Filename Value="../readline/historyoop.pas"/>
        <UnitName Value="HistoryOOP"/>
        <WindowIndex Value="0"/>
        <TopLine Value="115"/>
        <CursorPos X="3" Y="58"/>
        <UsageCount Value="4"/>
      </Unit20>
      <Unit21>
        <Filename Value="../readline/readline.pas"/>
        <UnitName Value="Readline"/>
        <WindowIndex Value="0"/>
        <TopLine Value="482"/>
        <CursorPos X="3" Y="508"/>
        <UsageCount Value="4"/>
      </Unit21>
      <Unit22>
        <Filename Value="../pas-readline/src/readlineoop.pas"/>
        <UnitName Value="ReadlineOOP"/>
        <WindowIndex Value="0"/>
        <TopLine Value="308"/>
        <CursorPos X="53" Y="334"/>
        <UsageCount Value="13"/>
      </Unit22>
      <Unit23>
        <Filename Value="/usr/share/fpcsrc/2.6.0/rtl/objpas/sysutils/sysstrh.inc"/>
        <WindowIndex Value="0"/>
        <TopLine Value="77"/>
        <CursorPos X="10" Y="103"/>
        <UsageCount Value="4"/>
      </Unit23>
      <Unit24>
        <Filename Value="../pas-tcl/src/tcloop.pas"/>
        <UnitName Value="TclOOP"/>
        <WindowIndex Value="0"/>
        <TopLine Value="94"/>
        <CursorPos X="1" Y="121"/>
        <UsageCount Value="12"/>
      </Unit24>
      <Unit25>
        <Filename Value="tclcmdline.pas"/>
        <IsPartOfProject Value="True"/>
        <UnitName Value="TclCmdLine"/>
        <WindowIndex Value="0"/>
        <TopLine Value="1"/>
        <CursorPos X="35" Y="8"/>
        <UsageCount Value="85"/>
      </Unit25>
      <Unit26>
        <Filename Value="../pas-readline/src/historyoop.pas"/>
        <UnitName Value="HistoryOOP"/>
        <WindowIndex Value="0"/>
        <TopLine Value="15"/>
        <CursorPos X="1" Y="1"/>
        <UsageCount Value="10"/>
      </Unit26>
      <Unit27>
        <Filename Value="../pas-readline/src/history.pas"/>
        <UnitName Value="History"/>
        <WindowIndex Value="0"/>
        <TopLine Value="29"/>
        <CursorPos X="1" Y="1"/>
        <UsageCount Value="10"/>
      </Unit27>
      <Unit28>
        <Filename Value="/usr/share/fpcsrc/2.6.0/rtl/unix/sysunixh.inc"/>
        <WindowIndex Value="0"/>
        <TopLine Value="4"/>
        <CursorPos X="9" Y="49"/>
        <UsageCount Value="5"/>
      </Unit28>
      <Unit29>
        <Filename Value="/usr/share/fpcsrc/2.6.0/rtl/unix/bunxh.inc"/>
        <WindowIndex Value="0"/>
        <TopLine Value="1"/>
        <CursorPos X="1" Y="1"/>
        <UsageCount Value="5"/>
      </Unit29>
      <Unit30>
        <Filename Value="/usr/share/fpcsrc/2.6.0/rtl/unix/aliasptp.inc"/>
        <WindowIndex Value="0"/>
        <TopLine Value="15"/>
        <CursorPos X="27" Y="41"/>
        <UsageCount Value="5"/>
      </Unit30>
      <Unit31>
        <Filename Value="/usr/share/fpcsrc/2.6.0/rtl/linux/ptypes.inc"/>
        <WindowIndex Value="0"/>
        <TopLine Value="53"/>
        <CursorPos X="28" Y="80"/>
        <UsageCount Value="5"/>
      </Unit31>
      <Unit32>
        <Filename Value="/usr/share/fpcsrc/2.6.0/rtl/inc/systemh.inc"/>
        <WindowIndex Value="0"/>
        <TopLine Value="322"/>
        <CursorPos X="3" Y="348"/>
        <UsageCount Value="5"/>
      </Unit32>
      <Unit33>
        <Filename Value="/usr/share/fpcsrc/2.6.0/rtl/unix/baseunix.pp"/>
        <UnitName Value="BaseUnix"/>
        <WindowIndex Value="0"/>
        <TopLine Value="1"/>
        <CursorPos X="8" Y="32"/>
        <UsageCount Value="5"/>
      </Unit33>
      <Unit34>
        <Filename Value="/usr/share/fpcsrc/2.6.0/rtl/linux/errno.inc"/>
        <WindowIndex Value="0"/>
        <TopLine Value="1"/>
        <CursorPos X="1" Y="1"/>
        <UsageCount Value="5"/>
      </Unit34>
      <Unit35>
        <Filename Value="bettertclcmdline.pas"/>
        <IsPartOfProject Value="True"/>
        <UnitName Value="BetterTCLCmdLine"/>
        <WindowIndex Value="0"/>
        <TopLine Value="1"/>
        <CursorPos X="49" Y="32"/>
        <UsageCount Value="82"/>
      </Unit35>
      <Unit36>
        <Filename Value="../pas-tcl/src/tclDecls.inc.pas"/>
        <WindowIndex Value="0"/>
        <TopLine Value="137"/>
        <CursorPos X="39" Y="156"/>
        <UsageCount Value="10"/>
      </Unit36>
      <Unit37>
        <Filename Value="../pas-tcl/src/tcl.pas"/>
        <UnitName Value="TCL"/>
        <WindowIndex Value="0"/>
        <TopLine Value="79"/>
        <CursorPos X="1" Y="79"/>
        <UsageCount Value="7"/>
      </Unit37>
      <Unit38>
        <Filename Value="tclapp.pas"/>
        <IsPartOfProject Value="True"/>
        <UnitName Value="TclApp"/>
        <WindowIndex Value="0"/>
        <TopLine Value="1"/>
        <CursorPos X="6" Y="16"/>
        <UsageCount Value="76"/>
      </Unit38>
      <Unit39>
        <Filename Value="tclcmdlinepredef.pas"/>
        <UnitName Value="TclCmdLinePredef"/>
        <WindowIndex Value="0"/>
        <TopLine Value="1"/>
        <CursorPos X="61" Y="13"/>
        <UsageCount Value="6"/>
      </Unit39>
      <Unit40>
        <Filename Value="../pas-readline/src/cmdline.pas"/>
        <UnitName Value="CmdLine"/>
        <WindowIndex Value="0"/>
        <TopLine Value="6"/>
        <CursorPos X="14" Y="27"/>
        <UsageCount Value="11"/>
      </Unit40>
      <Unit41>
        <Filename Value="../pas-tcl/src/tclapp.pas"/>
        <UnitName Value="TclApp"/>
        <WindowIndex Value="0"/>
        <TopLine Value="4"/>
        <CursorPos X="17" Y="51"/>
        <UsageCount Value="11"/>
      </Unit41>
      <Unit42>
        <Filename Value="../pas-tcl/src/tclcmdlinepredef.pas"/>
        <UnitName Value="TclCmdLinePredef"/>
        <WindowIndex Value="0"/>
        <TopLine Value="160"/>
        <CursorPos X="26" Y="172"/>
        <UsageCount Value="13"/>
      </Unit42>
      <Unit43>
        <Filename Value="/usr/share/fpcsrc/2.6.0/rtl/objpas/sysutils/sysutilh.inc"/>
        <WindowIndex Value="0"/>
        <TopLine Value="195"/>
        <CursorPos X="13" Y="221"/>
        <UsageCount Value="6"/>
      </Unit43>
      <Unit44>
        <Filename Value="/usr/share/fpcsrc/2.6.0/rtl/unix/sysutils.pp"/>
        <UnitName Value="sysutils"/>
        <WindowIndex Value="0"/>
        <TopLine Value="1127"/>
        <CursorPos X="16" Y="1130"/>
        <UsageCount Value="6"/>
      </Unit44>
      <Unit45>
        <Filename Value="/usr/share/fpcsrc/2.6.0/rtl/unix/errors.pp"/>
        <UnitName Value="errors"/>
        <WindowIndex Value="0"/>
        <TopLine Value="1"/>
        <CursorPos X="26" Y="36"/>
        <UsageCount Value="6"/>
      </Unit45>
      <Unit46>
        <Filename Value="/usr/share/fpcsrc/2.6.0/rtl/linux/errnostr.inc"/>
        <WindowIndex Value="0"/>
        <TopLine Value="1"/>
        <CursorPos X="3" Y="18"/>
        <UsageCount Value="6"/>
      </Unit46>
      <Unit47>
        <Filename Value="../pas-tcl/src/tclcmdline.pas"/>
        <UnitName Value="TclCmdLine"/>
        <WindowIndex Value="0"/>
        <TopLine Value="183"/>
        <CursorPos X="1" Y="232"/>
        <UsageCount Value="11"/>
      </Unit47>
      <Unit48>
        <Filename Value="libusb.pas"/>
        <UnitName Value="LibUSB"/>
        <WindowIndex Value="0"/>
        <TopLine Value="200"/>
        <CursorPos X="1" Y="247"/>
        <UsageCount Value="33"/>
      </Unit48>
      <Unit49>
        <Filename Value="/usr/share/fpcsrc/2.6.0/rtl/inc/objpash.inc"/>
        <WindowIndex Value="0"/>
        <TopLine Value="166"/>
        <CursorPos X="23" Y="192"/>
        <UsageCount Value="7"/>
      </Unit49>
      <Unit50>
        <Filename Value="../../../libt6/libt6/utils.pas"/>
        <UnitName Value="Utils"/>
        <WindowIndex Value="0"/>
        <TopLine Value="187"/>
        <CursorPos X="1" Y="224"/>
        <UsageCount Value="7"/>
      </Unit50>
      <Unit51>
        <Filename Value="usbdevicedebug.pas"/>
        <IsPartOfProject Value="True"/>
        <UnitName Value="USBDeviceDebug"/>
        <EditorIndex Value="1"/>
        <WindowIndex Value="0"/>
        <TopLine Value="18"/>
        <CursorPos X="55" Y="70"/>
        <UsageCount Value="60"/>
        <Loaded Value="True"/>
      </Unit51>
      <Unit52>
        <Filename Value="/usr/share/fpcsrc/2.6.0/rtl/objpas/fgl.pp"/>
        <UnitName Value="fgl"/>
        <WindowIndex Value="0"/>
        <TopLine Value="219"/>
        <CursorPos X="1" Y="308"/>
        <UsageCount Value="7"/>
      </Unit52>
      <Unit53>
        <Filename Value="/usr/share/fpcsrc/2.6.0/rtl/objpas/types.pp"/>
        <UnitName Value="types"/>
        <WindowIndex Value="0"/>
        <TopLine Value="98"/>
        <CursorPos X="48" Y="124"/>
        <UsageCount Value="7"/>
      </Unit53>
      <Unit54>
        <Filename Value="/usr/share/fpcsrc/2.6.0/rtl/objpas/sysutils/filutilh.inc"/>
        <WindowIndex Value="0"/>
        <TopLine Value="58"/>
        <CursorPos X="10" Y="104"/>
        <UsageCount Value="10"/>
      </Unit54>
      <Unit55>
        <Filename Value="/usr/share/fpcsrc/2.6.0/rtl/objpas/sysutils/sysutils.inc"/>
        <WindowIndex Value="0"/>
        <TopLine Value="7"/>
        <CursorPos X="7" Y="27"/>
        <UsageCount Value="10"/>
      </Unit55>
      <Unit56>
        <Filename Value="/usr/share/fpcsrc/2.6.0/rtl/objpas/classes/classesh.inc"/>
        <WindowIndex Value="0"/>
        <TopLine Value="674"/>
        <CursorPos X="15" Y="700"/>
        <UsageCount Value="10"/>
      </Unit56>
      <Unit57>
        <Filename Value="/usr/share/fpcsrc/2.6.0/rtl/objpas/classes/stringl.inc"/>
        <WindowIndex Value="0"/>
        <TopLine Value="1311"/>
        <CursorPos X="3" Y="1314"/>
        <UsageCount Value="10"/>
      </Unit57>
    </Units>
    <JumpHistory Count="24" HistoryIndex="23">
      <Position1>
        <Filename Value="eztool.pas"/>
        <Caret Line="1937" Column="1" TopLine="1924"/>
      </Position1>
      <Position2>
        <Filename Value="eztool.pas"/>
        <Caret Line="1939" Column="1" TopLine="1924"/>
      </Position2>
      <Position3>
        <Filename Value="eztool.pas"/>
        <Caret Line="1951" Column="1" TopLine="1924"/>
      </Position3>
      <Position4>
        <Filename Value="eztool.pas"/>
        <Caret Line="1965" Column="1" TopLine="1924"/>
      </Position4>
      <Position5>
        <Filename Value="eztool.pas"/>
        <Caret Line="1897" Column="1" TopLine="1871"/>
      </Position5>
      <Position6>
        <Filename Value="eztool.pas"/>
        <Caret Line="1898" Column="1" TopLine="1871"/>
      </Position6>
      <Position7>
        <Filename Value="eztool.pas"/>
        <Caret Line="1899" Column="1" TopLine="1871"/>
      </Position7>
      <Position8>
        <Filename Value="eztool.pas"/>
        <Caret Line="1931" Column="1" TopLine="1905"/>
      </Position8>
      <Position9>
        <Filename Value="eztool.pas"/>
        <Caret Line="1967" Column="1" TopLine="1924"/>
      </Position9>
      <Position10>
        <Filename Value="eztool.pas"/>
        <Caret Line="1969" Column="1" TopLine="1924"/>
      </Position10>
      <Position11>
        <Filename Value="eztool.pas"/>
        <Caret Line="1892" Column="1" TopLine="1876"/>
      </Position11>
      <Position12>
        <Filename Value="eztool.pas"/>
        <Caret Line="1891" Column="31" TopLine="1865"/>
      </Position12>
      <Position13>
        <Filename Value="eztool.pas"/>
        <Caret Line="1889" Column="3" TopLine="1775"/>
      </Position13>
      <Position14>
        <Filename Value="eztool.pas"/>
        <Caret Line="1949" Column="14" TopLine="1930"/>
      </Position14>
      <Position15>
        <Filename Value="eztool.pas"/>
        <Caret Line="1896" Column="17" TopLine="1868"/>
      </Position15>
      <Position16>
        <Filename Value="eztool.pas"/>
        <Caret Line="1889" Column="20" TopLine="1868"/>
      </Position16>
      <Position17>
        <Filename Value="eztool.pas"/>
        <Caret Line="1898" Column="11" TopLine="1868"/>
      </Position17>
      <Position18>
        <Filename Value="eztool.pas"/>
        <Caret Line="1901" Column="21" TopLine="1875"/>
      </Position18>
      <Position19>
        <Filename Value="eztool.pas"/>
        <Caret Line="209" Column="81" TopLine="183"/>
      </Position19>
      <Position20>
        <Filename Value="eztool.pas"/>
        <Caret Line="1914" Column="23" TopLine="1887"/>
      </Position20>
      <Position21>
        <Filename Value="eztool.pas"/>
        <Caret Line="1913" Column="1" TopLine="1887"/>
      </Position21>
      <Position22>
        <Filename Value="eztool.pas"/>
        <Caret Line="1914" Column="25" TopLine="1891"/>
      </Position22>
      <Position23>
        <Filename Value="utils.pas"/>
        <Caret Line="96" Column="1" TopLine="65"/>
      </Position23>
      <Position24>
        <Filename Value="eztool.pas"/>
        <Caret Line="1910" Column="43" TopLine="1891"/>
      </Position24>
    </JumpHistory>
  </ProjectOptions>
  <CompilerOptions>
    <Version Value="9"/>
    <SearchPaths>
      <IncludeFiles Value="$(ProjOutDir)"/>
      <OtherUnitFiles Value="../pas-readline/src;../pas-tcl/src;../pas-libusb/src"/>
    </SearchPaths>
    <Other>
      <CompilerMessages>
        <UseMsgFile Value="True"/>
      </CompilerMessages>
      <CompilerPath Value="$(CompPath)"/>
    </Other>
  </CompilerOptions>
  <Debugging>
    <Exceptions Count="3">
      <Item1>
        <Name Value="EAbort"/>
      </Item1>
      <Item2>
        <Name Value="ECodetoolError"/>
      </Item2>
      <Item3>
        <Name Value="EFOpenError"/>
      </Item3>
    </Exceptions>
  </Debugging>
</CONFIG>
